
Microsoft Visual Studio Solution File, Format Version 12.00
# Visual Studio Version 17
VisualStudioVersion = 17.14.36518.9 d17.14
MinimumVisualStudioVersion = 10.0.40219.1
Project("{FAE04EC0-301F-11D3-BF4B-00C04F79EFBC}") = "laba10_2", "laba10_2\laba10_2.csproj", "{0A219F54-CEED-44F4-A064-245FB6619FBA}"
EndProject
Global
	GlobalSection(SolutionConfigurationPlatforms) = preSolution
		Debug|Any CPU = Debug|Any CPU
		Release|Any CPU = Release|Any CPU
	EndGlobalSection
	GlobalSection(ProjectConfigurationPlatforms) = postSolution
		{0A219F54-CEED-44F4-A064-245FB6619FBA}.Debug|Any CPU.ActiveCfg = Debug|Any CPU
		{0A219F54-CEED-44F4-A064-245FB6619FBA}.Debug|Any CPU.Build.0 = Debug|Any CPU
		{0A219F54-CEED-44F4-A064-245FB6619FBA}.Release|Any CPU.ActiveCfg = Release|Any CPU
		{0A219F54-CEED-44F4-A064-245FB6619FBA}.Release|Any CPU.Build.0 = Release|Any CPU
	EndGlobalSection
	GlobalSection(SolutionProperties) = preSolution
		HideSolutionNode = FALSE
	EndGlobalSection
	GlobalSection(ExtensibilityGlobals) = postSolution
		SolutionGuid = {A1EC1070-52BB-47AF-AA63-73FD834E1786}
	EndGlobalSection
EndGlobal
