
Microsoft Visual Studio Solution File, Format Version 12.00
# Visual Studio Version 17
VisualStudioVersion = 17.14.36518.9 d17.14
MinimumVisualStudioVersion = 10.0.40219.1
Project("{FAE04EC0-301F-11D3-BF4B-00C04F79EFBC}") = "Laba6_3new", "Laba6_3new\Laba6_3new.csproj", "{8D4C20A2-3C00-425F-955A-93ED9B4E547C}"
EndProject
Global
	GlobalSection(SolutionConfigurationPlatforms) = preSolution
		Debug|Any CPU = Debug|Any CPU
		Release|Any CPU = Release|Any CPU
	EndGlobalSection
	GlobalSection(ProjectConfigurationPlatforms) = postSolution
		{8D4C20A2-3C00-425F-955A-93ED9B4E547C}.Debug|Any CPU.ActiveCfg = Debug|Any CPU
		{8D4C20A2-3C00-425F-955A-93ED9B4E547C}.Debug|Any CPU.Build.0 = Debug|Any CPU
		{8D4C20A2-3C00-425F-955A-93ED9B4E547C}.Release|Any CPU.ActiveCfg = Release|Any CPU
		{8D4C20A2-3C00-425F-955A-93ED9B4E547C}.Release|Any CPU.Build.0 = Release|Any CPU
	EndGlobalSection
	GlobalSection(SolutionProperties) = preSolution
		HideSolutionNode = FALSE
	EndGlobalSection
	GlobalSection(ExtensibilityGlobals) = postSolution
		SolutionGuid = {07DE64BC-E63A-479D-97FA-4C241E94AAD5}
	EndGlobalSection
EndGlobal
