
Microsoft Visual Studio Solution File, Format Version 12.00
# Visual Studio Version 17
VisualStudioVersion = 17.14.36518.9 d17.14
MinimumVisualStudioVersion = 10.0.40219.1
Project("{FAE04EC0-301F-11D3-BF4B-00C04F79EFBC}") = "laba-4.1", "laba-4.1\laba-4.1.csproj", "{02117C91-1DEE-4FB7-982B-EDDE87D88BDF}"
EndProject
Global
	GlobalSection(SolutionConfigurationPlatforms) = preSolution
		Debug|Any CPU = Debug|Any CPU
		Release|Any CPU = Release|Any CPU
	EndGlobalSection
	GlobalSection(ProjectConfigurationPlatforms) = postSolution
		{02117C91-1DEE-4FB7-982B-EDDE87D88BDF}.Debug|Any CPU.ActiveCfg = Debug|Any CPU
		{02117C91-1DEE-4FB7-982B-EDDE87D88BDF}.Debug|Any CPU.Build.0 = Debug|Any CPU
		{02117C91-1DEE-4FB7-982B-EDDE87D88BDF}.Release|Any CPU.ActiveCfg = Release|Any CPU
		{02117C91-1DEE-4FB7-982B-EDDE87D88BDF}.Release|Any CPU.Build.0 = Release|Any CPU
	EndGlobalSection
	GlobalSection(SolutionProperties) = preSolution
		HideSolutionNode = FALSE
	EndGlobalSection
	GlobalSection(ExtensibilityGlobals) = postSolution
		SolutionGuid = {88764F5D-DF0D-4F39-9AC4-2F65AB7C113D}
	EndGlobalSection
EndGlobal
